
Microsoft Visual Studio Solution File, Format Version 12.00
# Visual Studio Version 17
VisualStudioVersion = 17.10.35027.167
MinimumVisualStudioVersion = 10.0.40219.1
Project("{2150E333-8FDC-42A3-9474-1A3956D46DE8}") = "01 - Resume.Domain", "01 - Resume.Domain", "{63AF5B16-F22A-4E3F-84DA-C9CE44446550}"
EndProject
Project("{2150E333-8FDC-42A3-9474-1A3956D46DE8}") = "02 - Resume.Application", "02 - Resume.Application", "{39A9327E-C70E-4C85-AE2A-D0F6618B48D0}"
EndProject
Project("{2150E333-8FDC-42A3-9474-1A3956D46DE8}") = "03 - Resume.Web", "03 - Resume.Web", "{08BF4D05-2A78-4168-8D22-0964B30B1CA3}"
EndProject
Project("{FAE04EC0-301F-11D3-BF4B-00C04F79EFBC}") = "Resume.Domain", "Resume.Domain\Resume.Domain.csproj", "{5FBF6513-4C2F-4657-ABA5-DD9AD380953E}"
EndProject
Project("{FAE04EC0-301F-11D3-BF4B-00C04F79EFBC}") = "Resume.Application", "Resume.Application\Resume.Application.csproj", "{79DBCD78-0F7D-4547-8BE8-9448C55FF8D6}"
EndProject
Project("{FAE04EC0-301F-11D3-BF4B-00C04F79EFBC}") = "ServiceHost", "ServiceHost\ServiceHost.csproj", "{8A43973C-1002-41F0-9DCF-13A62B9D9B43}"
EndProject
Global
	GlobalSection(SolutionConfigurationPlatforms) = preSolution
		Debug|Any CPU = Debug|Any CPU
		Release|Any CPU = Release|Any CPU
	EndGlobalSection
	GlobalSection(ProjectConfigurationPlatforms) = postSolution
		{5FBF6513-4C2F-4657-ABA5-DD9AD380953E}.Debug|Any CPU.ActiveCfg = Debug|Any CPU
		{5FBF6513-4C2F-4657-ABA5-DD9AD380953E}.Debug|Any CPU.Build.0 = Debug|Any CPU
		{5FBF6513-4C2F-4657-ABA5-DD9AD380953E}.Release|Any CPU.ActiveCfg = Release|Any CPU
		{5FBF6513-4C2F-4657-ABA5-DD9AD380953E}.Release|Any CPU.Build.0 = Release|Any CPU
		{79DBCD78-0F7D-4547-8BE8-9448C55FF8D6}.Debug|Any CPU.ActiveCfg = Debug|Any CPU
		{79DBCD78-0F7D-4547-8BE8-9448C55FF8D6}.Debug|Any CPU.Build.0 = Debug|Any CPU
		{79DBCD78-0F7D-4547-8BE8-9448C55FF8D6}.Release|Any CPU.ActiveCfg = Release|Any CPU
		{79DBCD78-0F7D-4547-8BE8-9448C55FF8D6}.Release|Any CPU.Build.0 = Release|Any CPU
		{8A43973C-1002-41F0-9DCF-13A62B9D9B43}.Debug|Any CPU.ActiveCfg = Debug|Any CPU
		{8A43973C-1002-41F0-9DCF-13A62B9D9B43}.Debug|Any CPU.Build.0 = Debug|Any CPU
		{8A43973C-1002-41F0-9DCF-13A62B9D9B43}.Release|Any CPU.ActiveCfg = Release|Any CPU
		{8A43973C-1002-41F0-9DCF-13A62B9D9B43}.Release|Any CPU.Build.0 = Release|Any CPU
	EndGlobalSection
	GlobalSection(SolutionProperties) = preSolution
		HideSolutionNode = FALSE
	EndGlobalSection
	GlobalSection(NestedProjects) = preSolution
		{5FBF6513-4C2F-4657-ABA5-DD9AD380953E} = {63AF5B16-F22A-4E3F-84DA-C9CE44446550}
		{79DBCD78-0F7D-4547-8BE8-9448C55FF8D6} = {39A9327E-C70E-4C85-AE2A-D0F6618B48D0}
		{8A43973C-1002-41F0-9DCF-13A62B9D9B43} = {08BF4D05-2A78-4168-8D22-0964B30B1CA3}
	EndGlobalSection
	GlobalSection(ExtensibilityGlobals) = postSolution
		SolutionGuid = {D4DD440D-9FA5-4905-AC18-6F9B4D2BD5BE}
	EndGlobalSection
EndGlobal
